{
  "requires": true,
  "lockfileVersion": 1,
  "dependencies": {
    "node-menu": {
      "version": "1.3.0",
      "resolved": "https://registry.npmjs.org/node-menu/-/node-menu-1.3.0.tgz",
      "integrity": "sha1-HkIdWN2mp0q8aRVlDcer7xXjO78=",
      "requires": {
        "underscore": "1.6.0"
      }
    },
    "underscore": {
      "version": "1.6.0",
      "resolved": "https://registry.npmjs.org/underscore/-/underscore-1.6.0.tgz",
      "integrity": "sha1-izixDKze9jM3uLJOT/htRa6lKag="
    }
  }
}
